
Microsoft Visual Studio Solution File, Format Version 12.00
# Visual Studio Version 17
VisualStudioVersion = 17.14.36109.1 d17.14
MinimumVisualStudioVersion = 10.0.40219.1
Project("{F184B08F-C81C-45F6-A57F-5ABD9991F28F}") = "OMC_INBOX_GUI", "OMC_INBOX_GUI.vbproj", "{5734A002-FDA6-4441-967B-FE2E7ECA440E}"
EndProject
Global
	GlobalSection(SolutionConfigurationPlatforms) = preSolution
		Debug|Any CPU = Debug|Any CPU
		Release|Any CPU = Release|Any CPU
	EndGlobalSection
	GlobalSection(ProjectConfigurationPlatforms) = postSolution
		{5734A002-FDA6-4441-967B-FE2E7ECA440E}.Debug|Any CPU.ActiveCfg = Debug|Any CPU
		{5734A002-FDA6-4441-967B-FE2E7ECA440E}.Debug|Any CPU.Build.0 = Debug|Any CPU
		{5734A002-FDA6-4441-967B-FE2E7ECA440E}.Release|Any CPU.ActiveCfg = Release|Any CPU
		{5734A002-FDA6-4441-967B-FE2E7ECA440E}.Release|Any CPU.Build.0 = Release|Any CPU
	EndGlobalSection
	GlobalSection(SolutionProperties) = preSolution
		HideSolutionNode = FALSE
	EndGlobalSection
	GlobalSection(ExtensibilityGlobals) = postSolution
		SolutionGuid = {BD200B0F-F162-4503-A150-36DBA34F47D9}
	EndGlobalSection
EndGlobal
